
Microsoft Visual Studio Solution File, Format Version 12.00
# Visual Studio Version 17
VisualStudioVersion = 17.9.34728.123
MinimumVisualStudioVersion = 10.0.40219.1
Project("{9A19103F-16F7-4668-BE54-9A1E7A4F7556}") = "SingleResponsibilityPrincipleDemo", "SingleResponsibilityPrincipleDemo\SingleResponsibilityPrincipleDemo.csproj", "{A43DAB2B-9D41-4474-A5B8-7356A0E70CD0}"
EndProject
Project("{9A19103F-16F7-4668-BE54-9A1E7A4F7556}") = "OpenClosedPrincipleDemo", "OpenClosedPrincipleDemo\OpenClosedPrincipleDemo.csproj", "{6AA64575-3F83-405E-833A-24EF9B5DA24F}"
EndProject
Project("{9A19103F-16F7-4668-BE54-9A1E7A4F7556}") = "LiskovSubstitutionPrincipleDemo", "LiskovSubstitutionPrincipleDemo\LiskovSubstitutionPrincipleDemo.csproj", "{DB796B79-93CE-4EC9-B9CA-1EEBCB22192A}"
EndProject
Project("{9A19103F-16F7-4668-BE54-9A1E7A4F7556}") = "InterfaceSegregationPrincipleDemo", "InterfaceSegregationPrincipleDemo\InterfaceSegregationPrincipleDemo.csproj", "{0E3746C1-180D-4408-A447-0CB89A084B1B}"
EndProject
Project("{9A19103F-16F7-4668-BE54-9A1E7A4F7556}") = "Demo_IoC_Pattern", "Demo_IoC_Pattern\Demo_IoC_Pattern.csproj", "{DD98ECA5-1F70-4E18-88F0-2D7C5683D8DA}"
EndProject
Project("{9A19103F-16F7-4668-BE54-9A1E7A4F7556}") = "ServiceCollectionClassDemo", "ServiceCollectionClassDemo\ServiceCollectionClassDemo.csproj", "{AC6F4948-CD9D-4B4C-B70B-2EC9CB66F43F}"
EndProject
Project("{9A19103F-16F7-4668-BE54-9A1E7A4F7556}") = "DI_ConstructorInjectionPatternDemo", "DI_ConstructorInjectionPatternDemo\DI_ConstructorInjectionPatternDemo.csproj", "{1C96D2A3-069F-4DC0-AC5B-0BCE1ECEF569}"
EndProject
Project("{9A19103F-16F7-4668-BE54-9A1E7A4F7556}") = "PropertyInjectionPatternDemo", "PropertyInjectionPatternDemo\PropertyInjectionPatternDemo.csproj", "{BD8990C5-0486-4EC3-BD35-ECF0CA30F80C}"
EndProject
Project("{9A19103F-16F7-4668-BE54-9A1E7A4F7556}") = "MethodInjectionPatternDemo", "MethodInjectionPatternDemo\MethodInjectionPatternDemo.csproj", "{C7D6D1F9-4414-4328-B77C-D1D5A0A798DF}"
EndProject
Project("{FAE04EC0-301F-11D3-BF4B-00C04F79EFBC}") = "AmbientContextDemo", "AmbientContextDemo\AmbientContextDemo.csproj", "{0C875860-DDD0-4F18-88EF-FF10C2696B65}"
EndProject
Global
	GlobalSection(SolutionConfigurationPlatforms) = preSolution
		Debug|Any CPU = Debug|Any CPU
		Release|Any CPU = Release|Any CPU
	EndGlobalSection
	GlobalSection(ProjectConfigurationPlatforms) = postSolution
		{A43DAB2B-9D41-4474-A5B8-7356A0E70CD0}.Debug|Any CPU.ActiveCfg = Debug|Any CPU
		{A43DAB2B-9D41-4474-A5B8-7356A0E70CD0}.Debug|Any CPU.Build.0 = Debug|Any CPU
		{A43DAB2B-9D41-4474-A5B8-7356A0E70CD0}.Release|Any CPU.ActiveCfg = Release|Any CPU
		{A43DAB2B-9D41-4474-A5B8-7356A0E70CD0}.Release|Any CPU.Build.0 = Release|Any CPU
		{6AA64575-3F83-405E-833A-24EF9B5DA24F}.Debug|Any CPU.ActiveCfg = Debug|Any CPU
		{6AA64575-3F83-405E-833A-24EF9B5DA24F}.Debug|Any CPU.Build.0 = Debug|Any CPU
		{6AA64575-3F83-405E-833A-24EF9B5DA24F}.Release|Any CPU.ActiveCfg = Release|Any CPU
		{6AA64575-3F83-405E-833A-24EF9B5DA24F}.Release|Any CPU.Build.0 = Release|Any CPU
		{DB796B79-93CE-4EC9-B9CA-1EEBCB22192A}.Debug|Any CPU.ActiveCfg = Debug|Any CPU
		{DB796B79-93CE-4EC9-B9CA-1EEBCB22192A}.Debug|Any CPU.Build.0 = Debug|Any CPU
		{DB796B79-93CE-4EC9-B9CA-1EEBCB22192A}.Release|Any CPU.ActiveCfg = Release|Any CPU
		{DB796B79-93CE-4EC9-B9CA-1EEBCB22192A}.Release|Any CPU.Build.0 = Release|Any CPU
		{0E3746C1-180D-4408-A447-0CB89A084B1B}.Debug|Any CPU.ActiveCfg = Debug|Any CPU
		{0E3746C1-180D-4408-A447-0CB89A084B1B}.Debug|Any CPU.Build.0 = Debug|Any CPU
		{0E3746C1-180D-4408-A447-0CB89A084B1B}.Release|Any CPU.ActiveCfg = Release|Any CPU
		{0E3746C1-180D-4408-A447-0CB89A084B1B}.Release|Any CPU.Build.0 = Release|Any CPU
		{DD98ECA5-1F70-4E18-88F0-2D7C5683D8DA}.Debug|Any CPU.ActiveCfg = Debug|Any CPU
		{DD98ECA5-1F70-4E18-88F0-2D7C5683D8DA}.Debug|Any CPU.Build.0 = Debug|Any CPU
		{DD98ECA5-1F70-4E18-88F0-2D7C5683D8DA}.Release|Any CPU.ActiveCfg = Release|Any CPU
		{DD98ECA5-1F70-4E18-88F0-2D7C5683D8DA}.Release|Any CPU.Build.0 = Release|Any CPU
		{AC6F4948-CD9D-4B4C-B70B-2EC9CB66F43F}.Debug|Any CPU.ActiveCfg = Debug|Any CPU
		{AC6F4948-CD9D-4B4C-B70B-2EC9CB66F43F}.Debug|Any CPU.Build.0 = Debug|Any CPU
		{AC6F4948-CD9D-4B4C-B70B-2EC9CB66F43F}.Release|Any CPU.ActiveCfg = Release|Any CPU
		{AC6F4948-CD9D-4B4C-B70B-2EC9CB66F43F}.Release|Any CPU.Build.0 = Release|Any CPU
		{1C96D2A3-069F-4DC0-AC5B-0BCE1ECEF569}.Debug|Any CPU.ActiveCfg = Debug|Any CPU
		{1C96D2A3-069F-4DC0-AC5B-0BCE1ECEF569}.Debug|Any CPU.Build.0 = Debug|Any CPU
		{1C96D2A3-069F-4DC0-AC5B-0BCE1ECEF569}.Release|Any CPU.ActiveCfg = Release|Any CPU
		{1C96D2A3-069F-4DC0-AC5B-0BCE1ECEF569}.Release|Any CPU.Build.0 = Release|Any CPU
		{BD8990C5-0486-4EC3-BD35-ECF0CA30F80C}.Debug|Any CPU.ActiveCfg = Debug|Any CPU
		{BD8990C5-0486-4EC3-BD35-ECF0CA30F80C}.Debug|Any CPU.Build.0 = Debug|Any CPU
		{BD8990C5-0486-4EC3-BD35-ECF0CA30F80C}.Release|Any CPU.ActiveCfg = Release|Any CPU
		{BD8990C5-0486-4EC3-BD35-ECF0CA30F80C}.Release|Any CPU.Build.0 = Release|Any CPU
		{C7D6D1F9-4414-4328-B77C-D1D5A0A798DF}.Debug|Any CPU.ActiveCfg = Debug|Any CPU
		{C7D6D1F9-4414-4328-B77C-D1D5A0A798DF}.Debug|Any CPU.Build.0 = Debug|Any CPU
		{C7D6D1F9-4414-4328-B77C-D1D5A0A798DF}.Release|Any CPU.ActiveCfg = Release|Any CPU
		{C7D6D1F9-4414-4328-B77C-D1D5A0A798DF}.Release|Any CPU.Build.0 = Release|Any CPU
		{0C875860-DDD0-4F18-88EF-FF10C2696B65}.Debug|Any CPU.ActiveCfg = Debug|Any CPU
		{0C875860-DDD0-4F18-88EF-FF10C2696B65}.Debug|Any CPU.Build.0 = Debug|Any CPU
		{0C875860-DDD0-4F18-88EF-FF10C2696B65}.Release|Any CPU.ActiveCfg = Release|Any CPU
		{0C875860-DDD0-4F18-88EF-FF10C2696B65}.Release|Any CPU.Build.0 = Release|Any CPU
	EndGlobalSection
	GlobalSection(SolutionProperties) = preSolution
		HideSolutionNode = FALSE
	EndGlobalSection
	GlobalSection(ExtensibilityGlobals) = postSolution
		SolutionGuid = {9EA02524-A6E6-4D69-B6D5-B123E41A618C}
	EndGlobalSection
EndGlobal
