
Microsoft Visual Studio Solution File, Format Version 12.00
# Visual Studio Version 17
VisualStudioVersion = 17.9.34728.123
MinimumVisualStudioVersion = 10.0.40219.1
Project("{FAE04EC0-301F-11D3-BF4B-00C04F79EFBC}") = "TaskDemonstration", "TaskDemonstration\TaskDemonstration.csproj", "{6BF0E35D-0427-4CC9-8046-080C5B223F21}"
EndProject
Global
	GlobalSection(SolutionConfigurationPlatforms) = preSolution
		Debug|Any CPU = Debug|Any CPU
		Release|Any CPU = Release|Any CPU
	EndGlobalSection
	GlobalSection(ProjectConfigurationPlatforms) = postSolution
		{6BF0E35D-0427-4CC9-8046-080C5B223F21}.Debug|Any CPU.ActiveCfg = Debug|Any CPU
		{6BF0E35D-0427-4CC9-8046-080C5B223F21}.Debug|Any CPU.Build.0 = Debug|Any CPU
		{6BF0E35D-0427-4CC9-8046-080C5B223F21}.Release|Any CPU.ActiveCfg = Release|Any CPU
		{6BF0E35D-0427-4CC9-8046-080C5B223F21}.Release|Any CPU.Build.0 = Release|Any CPU
	EndGlobalSection
	GlobalSection(SolutionProperties) = preSolution
		HideSolutionNode = FALSE
	EndGlobalSection
	GlobalSection(ExtensibilityGlobals) = postSolution
		SolutionGuid = {DBE26BE7-C14D-43D0-A35D-5DEA560A2BA8}
	EndGlobalSection
EndGlobal
