
Microsoft Visual Studio Solution File, Format Version 12.00
# Visual Studio Version 17
VisualStudioVersion = 17.9.34728.123
MinimumVisualStudioVersion = 10.0.40219.1
Project("{FAE04EC0-301F-11D3-BF4B-00C04F79EFBC}") = "PLINQ_Demonstration01", "PLINQ_Demonstration01\PLINQ_Demonstration01.csproj", "{FC033BBF-3764-4A43-90BC-A7A0573D1751}"
EndProject
Project("{FAE04EC0-301F-11D3-BF4B-00C04F79EFBC}") = "PLINQ_Demonstration02", "PLINQ_Demonstration02\PLINQ_Demonstration02.csproj", "{4CA20863-C7CF-49B4-97B9-65011C15F41B}"
EndProject
Project("{FAE04EC0-301F-11D3-BF4B-00C04F79EFBC}") = "AsynchronousDemonstration01", "AsynchronousDemonstration01\AsynchronousDemonstration01.csproj", "{02D88D59-A2A4-4732-BFBB-E63174007738}"
EndProject
Project("{FAE04EC0-301F-11D3-BF4B-00C04F79EFBC}") = "AsynchronousDemonstration02", "AsynchronousDemonstration02\AsynchronousDemonstration02.csproj", "{FFD2B853-4E53-4AE5-8781-F0E277AC2A5F}"
EndProject
Project("{FAE04EC0-301F-11D3-BF4B-00C04F79EFBC}") = "AsynchromousDemonstration03", "AsynchromousDemonstration03\AsynchromousDemonstration03.csproj", "{2D8E0BDE-2B72-4A8C-BFAA-086C393260FD}"
EndProject
Global
	GlobalSection(SolutionConfigurationPlatforms) = preSolution
		Debug|Any CPU = Debug|Any CPU
		Release|Any CPU = Release|Any CPU
	EndGlobalSection
	GlobalSection(ProjectConfigurationPlatforms) = postSolution
		{FC033BBF-3764-4A43-90BC-A7A0573D1751}.Debug|Any CPU.ActiveCfg = Debug|Any CPU
		{FC033BBF-3764-4A43-90BC-A7A0573D1751}.Debug|Any CPU.Build.0 = Debug|Any CPU
		{FC033BBF-3764-4A43-90BC-A7A0573D1751}.Release|Any CPU.ActiveCfg = Release|Any CPU
		{FC033BBF-3764-4A43-90BC-A7A0573D1751}.Release|Any CPU.Build.0 = Release|Any CPU
		{4CA20863-C7CF-49B4-97B9-65011C15F41B}.Debug|Any CPU.ActiveCfg = Debug|Any CPU
		{4CA20863-C7CF-49B4-97B9-65011C15F41B}.Debug|Any CPU.Build.0 = Debug|Any CPU
		{4CA20863-C7CF-49B4-97B9-65011C15F41B}.Release|Any CPU.ActiveCfg = Release|Any CPU
		{4CA20863-C7CF-49B4-97B9-65011C15F41B}.Release|Any CPU.Build.0 = Release|Any CPU
		{02D88D59-A2A4-4732-BFBB-E63174007738}.Debug|Any CPU.ActiveCfg = Debug|Any CPU
		{02D88D59-A2A4-4732-BFBB-E63174007738}.Debug|Any CPU.Build.0 = Debug|Any CPU
		{02D88D59-A2A4-4732-BFBB-E63174007738}.Release|Any CPU.ActiveCfg = Release|Any CPU
		{02D88D59-A2A4-4732-BFBB-E63174007738}.Release|Any CPU.Build.0 = Release|Any CPU
		{FFD2B853-4E53-4AE5-8781-F0E277AC2A5F}.Debug|Any CPU.ActiveCfg = Debug|Any CPU
		{FFD2B853-4E53-4AE5-8781-F0E277AC2A5F}.Debug|Any CPU.Build.0 = Debug|Any CPU
		{FFD2B853-4E53-4AE5-8781-F0E277AC2A5F}.Release|Any CPU.ActiveCfg = Release|Any CPU
		{FFD2B853-4E53-4AE5-8781-F0E277AC2A5F}.Release|Any CPU.Build.0 = Release|Any CPU
		{2D8E0BDE-2B72-4A8C-BFAA-086C393260FD}.Debug|Any CPU.ActiveCfg = Debug|Any CPU
		{2D8E0BDE-2B72-4A8C-BFAA-086C393260FD}.Debug|Any CPU.Build.0 = Debug|Any CPU
		{2D8E0BDE-2B72-4A8C-BFAA-086C393260FD}.Release|Any CPU.ActiveCfg = Release|Any CPU
		{2D8E0BDE-2B72-4A8C-BFAA-086C393260FD}.Release|Any CPU.Build.0 = Release|Any CPU
	EndGlobalSection
	GlobalSection(SolutionProperties) = preSolution
		HideSolutionNode = FALSE
	EndGlobalSection
	GlobalSection(ExtensibilityGlobals) = postSolution
		SolutionGuid = {4C2E62C8-6077-43C1-8224-17AAE640F380}
	EndGlobalSection
EndGlobal
